
Microsoft Visual Studio Solution File, Format Version 12.00
# Visual Studio Version 16
VisualStudioVersion = 16.0.29123.89
MinimumVisualStudioVersion = 10.0.40219.1
Project("{9A19103F-16F7-4668-BE54-9A1E7A4F7556}") = "Butler", "Butler.csproj", "{DABF3CB1-8510-460F-B22C-2173921914FD}"
EndProject
Project("{9A19103F-16F7-4668-BE54-9A1E7A4F7556}") = "Butler.Tests", "..\tests\Butler.Tests.csproj", "{079F45A3-0D9A-47C9-86F7-5D6483478603}"
EndProject
Global
	GlobalSection(SolutionConfigurationPlatforms) = preSolution
		Debug|Any CPU = Debug|Any CPU
		Release|Any CPU = Release|Any CPU
	EndGlobalSection
	GlobalSection(ProjectConfigurationPlatforms) = postSolution
		{DABF3CB1-8510-460F-B22C-2173921914FD}.Debug|Any CPU.ActiveCfg = Debug|Any CPU
		{DABF3CB1-8510-460F-B22C-2173921914FD}.Debug|Any CPU.Build.0 = Debug|Any CPU
		{DABF3CB1-8510-460F-B22C-2173921914FD}.Release|Any CPU.ActiveCfg = Release|Any CPU
		{DABF3CB1-8510-460F-B22C-2173921914FD}.Release|Any CPU.Build.0 = Release|Any CPU
		{079F45A3-0D9A-47C9-86F7-5D6483478603}.Debug|Any CPU.ActiveCfg = Debug|Any CPU
		{079F45A3-0D9A-47C9-86F7-5D6483478603}.Debug|Any CPU.Build.0 = Debug|Any CPU
		{079F45A3-0D9A-47C9-86F7-5D6483478603}.Release|Any CPU.ActiveCfg = Release|Any CPU
		{079F45A3-0D9A-47C9-86F7-5D6483478603}.Release|Any CPU.Build.0 = Release|Any CPU
	EndGlobalSection
	GlobalSection(SolutionProperties) = preSolution
		HideSolutionNode = FALSE
	EndGlobalSection
	GlobalSection(ExtensibilityGlobals) = postSolution
		SolutionGuid = {D0632BDD-29F6-44AF-94AD-30F3ADA32DCE}
	EndGlobalSection
EndGlobal
